
Microsoft Visual Studio Solution File, Format Version 12.00
# Visual Studio 15
VisualStudioVersion = 15.0.28307.902
MinimumVisualStudioVersion = 10.0.40219.1
Project("{FAE04EC0-301F-11D3-BF4B-00C04F79EFBC}") = "LabWork", "LabWork\LabWork.csproj", "{CF6A0918-A9FC-43C0-9E95-BA5A4D1143D0}"
EndProject
Global
	GlobalSection(SolutionConfigurationPlatforms) = preSolution
		Debug|Any CPU = Debug|Any CPU
		Release|Any CPU = Release|Any CPU
	EndGlobalSection
	GlobalSection(ProjectConfigurationPlatforms) = postSolution
		{CF6A0918-A9FC-43C0-9E95-BA5A4D1143D0}.Debug|Any CPU.ActiveCfg = Debug|Any CPU
		{CF6A0918-A9FC-43C0-9E95-BA5A4D1143D0}.Debug|Any CPU.Build.0 = Debug|Any CPU
		{CF6A0918-A9FC-43C0-9E95-BA5A4D1143D0}.Release|Any CPU.ActiveCfg = Release|Any CPU
		{CF6A0918-A9FC-43C0-9E95-BA5A4D1143D0}.Release|Any CPU.Build.0 = Release|Any CPU
	EndGlobalSection
	GlobalSection(SolutionProperties) = preSolution
		HideSolutionNode = FALSE
	EndGlobalSection
	GlobalSection(ExtensibilityGlobals) = postSolution
		SolutionGuid = {13B9A96B-AB54-41E8-9190-200B6F5D8801}
	EndGlobalSection
EndGlobal
